
Microsoft Visual Studio Solution File, Format Version 12.00
# Visual Studio Version 17
VisualStudioVersion = 17.4.33122.133
MinimumVisualStudioVersion = 10.0.40219.1
Project("{FAE04EC0-301F-11D3-BF4B-00C04F79EFBC}") = "MergeSortedArray", "MergeSortedArray\MergeSortedArray.csproj", "{35EDE6BF-0FC7-4B83-9AD9-04BB6399000E}"
EndProject
Project("{FAE04EC0-301F-11D3-BF4B-00C04F79EFBC}") = "tests", "tests\tests.csproj", "{BF3C15D1-302B-41D3-96DA-8F916DB7983F}"
EndProject
Global
	GlobalSection(SolutionConfigurationPlatforms) = preSolution
		Debug|Any CPU = Debug|Any CPU
		Release|Any CPU = Release|Any CPU
	EndGlobalSection
	GlobalSection(ProjectConfigurationPlatforms) = postSolution
		{35EDE6BF-0FC7-4B83-9AD9-04BB6399000E}.Debug|Any CPU.ActiveCfg = Debug|Any CPU
		{35EDE6BF-0FC7-4B83-9AD9-04BB6399000E}.Debug|Any CPU.Build.0 = Debug|Any CPU
		{35EDE6BF-0FC7-4B83-9AD9-04BB6399000E}.Release|Any CPU.ActiveCfg = Release|Any CPU
		{35EDE6BF-0FC7-4B83-9AD9-04BB6399000E}.Release|Any CPU.Build.0 = Release|Any CPU
		{BF3C15D1-302B-41D3-96DA-8F916DB7983F}.Debug|Any CPU.ActiveCfg = Debug|Any CPU
		{BF3C15D1-302B-41D3-96DA-8F916DB7983F}.Debug|Any CPU.Build.0 = Debug|Any CPU
		{BF3C15D1-302B-41D3-96DA-8F916DB7983F}.Release|Any CPU.ActiveCfg = Release|Any CPU
		{BF3C15D1-302B-41D3-96DA-8F916DB7983F}.Release|Any CPU.Build.0 = Release|Any CPU
	EndGlobalSection
	GlobalSection(SolutionProperties) = preSolution
		HideSolutionNode = FALSE
	EndGlobalSection
	GlobalSection(ExtensibilityGlobals) = postSolution
		SolutionGuid = {47F50CD9-F052-4B84-8366-4D4ED6B00FE6}
	EndGlobalSection
EndGlobal
